PODS:
  - CombineRealm (0.1.0):
    - RealmSwift (~> 3.14)
  - Realm (3.16.2):
    - Realm/Headers (= 3.16.2)
  - Realm/Headers (3.16.2)
  - RealmSwift (3.16.2):
    - Realm (= 3.16.2)

DEPENDENCIES:
  - CombineRealm (from `../`)

SPEC REPOS:
  https://github.com/cocoapods/specs.git:
    - Realm
    - RealmSwift

EXTERNAL SOURCES:
  CombineRealm:
    :path: "../"

SPEC CHECKSUMS:
  CombineRealm: 76a65dd4c032611b9669acfda01aa1881efe93e5
  Realm: 0e73b4edeb5b6a90da3d83206883b2e34e00eb38
  RealmSwift: a81e650171ef0a5f999df1ed8d39ba8d6fce88a4

PODFILE CHECKSUM: 700850f03b540b163b0fd5228bc7b1244bda9337

COCOAPODS: 1.7.2
